{
	"name": "graph-isomorphism",
	"version": "1.0.0",
	"lockfileVersion": 3,
	"requires": true,
	"packages": {
		"": {
			"name": "graph-isomorphism",
			"version": "1.0.0",
			"license": "MIT",
			"dependencies": {
				"cli-spinners": "file:.."
			}
		},
		"..": {
			"version": "3.2.0",
			"license": "MIT",
			"bin": {
				"appworld-organize": "bin/appworld-organize.js"
			},
			"devDependencies": {
				"ava": "^6.1.2",
				"log-update": "^6.0.0",
				"string-length": "^6.0.0",
				"typescript": "^5.4.5",
				"xo": "^0.58.0"
			},
			"engines": {
				"node": ">=18.20"
			},
			"funding": {
				"url": "https://github.com/sponsors/sindresorhus"
			}
		},
		"node_modules/cli-spinners": {
			"resolved": "..",
			"link": true
		}
	}
}
